{
  "pins" : [
    {
      "identity" : "activityindicatorview",
      "kind" : "remoteSourceControl",
      "location" : "https://github.com/exyte/ActivityIndicatorView.git",
      "state" : {
        "revision" : "9970fd0bb7a05dad0b6566ae1f56937716686b24",
        "version" : "1.1.1"
      }
    },
    {
      "identity" : "bottombar-swiftui",
      "kind" : "remoteSourceControl",
      "location" : "https://github.com/smartvipere75/bottombar-swiftui.git",
      "state" : {
        "branch" : "master",
        "revision" : "26c5c48842632b39242bb268399651097ace653a"
      }
    },
    {
      "identity" : "fancyscrollview",
      "kind" : "remoteSourceControl",
      "location" : "https://github.com/nerdsupremacist/FancyScrollView.git",
      "state" : {
        "revision" : "7f8194b23dc209cdb5b0ebc9799a8de487166fdf",
        "version" : "0.1.4"
      }
    },
    {
      "identity" : "inputstepper",
      "kind" : "remoteSourceControl",
      "location" : "https://github.com/mateusz800/InputStepper.git",
      "state" : {
        "branch" : "main",
        "revision" : "2ff0de95c29297b178b4ed7157401a433517ec26"
      }
    },
    {
      "identity" : "neumorphic",
      "kind" : "remoteSourceControl",
      "location" : "https://github.com/costachung/neumorphic.git",
      "state" : {
        "branch" : "master",
        "revision" : "03c6f7b3d27bfb28a082db2e9ffae45fbc69cb8b"
      }
    },
    {
      "identity" : "scalingheaderscrollview",
      "kind" : "remoteSourceControl",
      "location" : "https://github.com/exyte/ScalingHeaderScrollView.git",
      "state" : {
        "branch" : "master",
        "revision" : "6741c41ef39b57ef8015478a9c29c9d4d252de49"
      }
    },
    {
      "identity" : "simpletoast",
      "kind" : "remoteSourceControl",
      "location" : "https://github.com/sanzaru/SimpleToast.git",
      "state" : {
        "revision" : "1bc531af60fc0a1494fdc02a52f03662aa9a183a",
        "version" : "0.6.2"
      }
    },
    {
      "identity" : "swiftui-introspect",
      "kind" : "remoteSourceControl",
      "location" : "https://github.com/siteline/SwiftUI-Introspect.git",
      "state" : {
        "revision" : "c18951c747ab62af7c15e17a81bd37d4fd5a9979",
        "version" : "0.2.3"
      }
    }
  ],
  "version" : 2
}
